// !$*UTF8*$!
{
	archiveVersion = 1;
	classes = {
	};
	objectVersion = 50;
	objects = {

/* Begin PBXBuildFile section */
		E17D43BF208DE4A900840763 /* AppDelegate.swift in Sources */ = {isa = PBXBuildFile; fileRef = E17D43BE208DE4A900840763 /* AppDelegate.swift */; };
		E17D43C1208DE4A900840763 /* ViewController.swift in Sources */ = {isa = PBXBuildFile; fileRef = E17D43C0208DE4A900840763 /* ViewController.swift */; };
		E17D43C4208DE4A900840763 /* Main.storyboard in Resources */ = {isa = PBXBuildFile; fileRef = E17D43C2208DE4A900840763 /* Main.storyboard */; };
		E17D43C6208DE4AD00840763 /* Assets.xcassets in Resources */ = {isa = PBXBuildFile; fileRef = E17D43C5208DE4AD00840763 /* Assets.xcassets */; };
		E17D43C9208DE4AD00840763 /* LaunchScreen.storyboard in Resources */ = {isa = PBXBuildFile; fileRef = E17D43C7208DE4AD00840763 /* LaunchScreen.storyboard */; };
		E17D43D4208DE4AD00840763 /* eduDemoTests.swift in Sources */ = {isa = PBXBuildFile; fileRef = E17D43D3208DE4AD00840763 /* eduDemoTests.swift */; };
		E182AC3E208F343700C8DC2F /* RegisterViewController.swift in Sources */ = {isa = PBXBuildFile; fileRef = E182AC3D208F343700C8DC2F /* RegisterViewController.swift */; };
		E1ACCE312097218C0021853E /* ForgetViewController.swift in Sources */ = {isa = PBXBuildFile; fileRef = E1ACCE302097218C0021853E /* ForgetViewController.swift */; };
/* End PBXBuildFile section */

/* Begin PBXContainerItemProxy section */
		E17D43D0208DE4AD00840763 /* PBXContainerItemProxy */ = {
			isa = PBXContainerItemProxy;
			containerPortal = E17D43B3208DE4A900840763 /* Project object */;
			proxyType = 1;
			remoteGlobalIDString = E17D43BA208DE4A900840763;
			remoteInfo = eduDemo;
		};
/* End PBXContainerItemProxy section */

/* Begin PBXFileReference section */
		E17D43BB208DE4A900840763 /* eduDemo.app */ = {isa = PBXFileReference; explicitFileType = wrapper.application; includeInIndex = 0; path = eduDemo.app; sourceTree = BUILT_PRODUCTS_DIR; };
		E17D43BE208DE4A900840763 /* AppDelegate.swift */ = {isa = PBXFileReference; lastKnownFileType = sourcecode.swift; path = AppDelegate.swift; sourceTree = "<group>"; };
		E17D43C0208DE4A900840763 /* ViewController.swift */ = {isa = PBXFileReference; lastKnownFileType = sourcecode.swift; path = ViewController.swift; sourceTree = "<group>"; };
		E17D43C3208DE4A900840763 /* Base */ = {isa = PBXFileReference; lastKnownFileType = file.storyboard; name = Base; path = Base.lproj/Main.storyboard; sourceTree = "<group>"; };
		E17D43C5208DE4AD00840763 /* Assets.xcassets */ = {isa = PBXFileReference; lastKnownFileType = folder.assetcatalog; path = Assets.xcassets; sourceTree = "<group>"; };
		E17D43C8208DE4AD00840763 /* Base */ = {isa = PBXFileReference; lastKnownFileType = file.storyboard; name = Base; path = Base.lproj/LaunchScreen.storyboard; sourceTree = "<group>"; };
		E17D43CA208DE4AD00840763 /* Info.plist */ = {isa = PBXFileReference; lastKnownFileType = text.plist.xml; path = Info.plist; sourceTree = "<group>"; };
		E17D43CF208DE4AD00840763 /* eduDemoTests.xctest */ = {isa = PBXFileReference; explicitFileType = wrapper.cfbundle; includeInIndex = 0; path = eduDemoTests.xctest; sourceTree = BUILT_PRODUCTS_DIR; };
		E17D43D3208DE4AD00840763 /* eduDemoTests.swift */ = {isa = PBXFileReference; lastKnownFileType = sourcecode.swift; path = eduDemoTests.swift; sourceTree = "<group>"; };
		E17D43D5208DE4AD00840763 /* Info.plist */ = {isa = PBXFileReference; lastKnownFileType = text.plist.xml; path = Info.plist; sourceTree = "<group>"; };
		E182AC3D208F343700C8DC2F /* RegisterViewController.swift */ = {isa = PBXFileReference; lastKnownFileType = sourcecode.swift; path = RegisterViewController.swift; sourceTree = "<group>"; };
		E1ACCE302097218C0021853E /* ForgetViewController.swift */ = {isa = PBXFileReference; lastKnownFileType = sourcecode.swift; path = ForgetViewController.swift; sourceTree = "<group>"; };
/* End PBXFileReference section */

/* Begin PBXFrameworksBuildPhase section */
		E17D43B8208DE4A900840763 /* Frameworks */ = {
			isa = PBXFrameworksBuildPhase;
			buildActionMask = 2147483647;
			files = (
			);
			runOnlyForDeploymentPostprocessing = 0;
		};
		E17D43CC208DE4AD00840763 /* Frameworks */ = {
			isa = PBXFrameworksBuildPhase;
			buildActionMask = 2147483647;
			files = (
			);
			runOnlyForDeploymentPostprocessing = 0;
		};
/* End PBXFrameworksBuildPhase section */

/* Begin PBXGroup section */
		E17D43B2208DE4A900840763 = {
			isa = PBXGroup;
			children = (
				E17D43BD208DE4A900840763 /* eduDemo */,
				E17D43D2208DE4AD00840763 /* eduDemoTests */,
				E17D43BC208DE4A900840763 /* Products */,
			);
			sourceTree = "<group>";
		};
		E17D43BC208DE4A900840763 /* Products */ = {
			isa = PBXGroup;
			children = (
				E17D43BB208DE4A900840763 /* eduDemo.app */,
				E17D43CF208DE4AD00840763 /* eduDemoTests.xctest */,
			);
			name = Products;
			sourceTree = "<group>";
		};
		E17D43BD208DE4A900840763 /* eduDemo */ = {
			isa = PBXGroup;
			children = (
				E17D43BE208DE4A900840763 /* AppDelegate.swift */,
				E17D43C0208DE4A900840763 /* ViewController.swift */,
				E17D43C2208DE4A900840763 /* Main.storyboard */,
				E17D43C5208DE4AD00840763 /* Assets.xcassets */,
				E17D43C7208DE4AD00840763 /* LaunchScreen.storyboard */,
				E17D43CA208DE4AD00840763 /* Info.plist */,
				E182AC3D208F343700C8DC2F /* RegisterViewController.swift */,
				E1ACCE302097218C0021853E /* ForgetViewController.swift */,
			);
			path = eduDemo;
			sourceTree = "<group>";
		};
		E17D43D2208DE4AD00840763 /* eduDemoTests */ = {
			isa = PBXGroup;
			children = (
				E17D43D3208DE4AD00840763 /* eduDemoTests.swift */,
				E17D43D5208DE4AD00840763 /* Info.plist */,
			);
			path = eduDemoTests;
			sourceTree = "<group>";
		};
/* End PBXGroup section */

/* Begin PBXNativeTarget section */
		E17D43BA208DE4A900840763 /* eduDemo */ = {
			isa = PBXNativeTarget;
			buildConfigurationList = E17D43D8208DE4AD00840763 /* Build configuration list for PBXNativeTarget "eduDemo" */;
			buildPhases = (
				E17D43B7208DE4A900840763 /* Sources */,
				E17D43B8208DE4A900840763 /* Frameworks */,
				E17D43B9208DE4A900840763 /* Resources */,
			);
			buildRules = (
			);
			dependencies = (
			);
			name = eduDemo;
			productName = eduDemo;
			productReference = E17D43BB208DE4A900840763 /* eduDemo.app */;
			productType = "com.apple.product-type.application";
		};
		E17D43CE208DE4AD00840763 /* eduDemoTests */ = {
			isa = PBXNativeTarget;
			buildConfigurationList = E17D43DB208DE4AD00840763 /* Build configuration list for PBXNativeTarget "eduDemoTests" */;
			buildPhases = (
				E17D43CB208DE4AD00840763 /* Sources */,
				E17D43CC208DE4AD00840763 /* Frameworks */,
				E17D43CD208DE4AD00840763 /* Resources */,
			);
			buildRules = (
			);
			dependencies = (
				E17D43D1208DE4AD00840763 /* PBXTargetDependency */,
			);
			name = eduDemoTests;
			productName = eduDemoTests;
			productReference = E17D43CF208DE4AD00840763 /* eduDemoTests.xctest */;
			productType = "com.apple.product-type.bundle.unit-test";
		};
/* End PBXNativeTarget section */

/* Begin PBXProject section */
		E17D43B3208DE4A900840763 /* Project object */ = {
			isa = PBXProject;
			attributes = {
				LastSwiftUpdateCheck = 0930;
				LastUpgradeCheck = 0930;
				ORGANIZATIONNAME = Dycode;
				TargetAttributes = {
					E17D43BA208DE4A900840763 = {
						CreatedOnToolsVersion = 9.3;
					};
					E17D43CE208DE4AD00840763 = {
						CreatedOnToolsVersion = 9.3;
						TestTargetID = E17D43BA208DE4A900840763;
					};
				};
			};
			buildConfigurationList = E17D43B6208DE4A900840763 /* Build configuration list for PBXProject "eduDemo" */;
			compatibilityVersion = "Xcode 9.3";
			developmentRegion = en;
			hasScannedForEncodings = 0;
			knownRegions = (
				en,
				Base,
			);
			mainGroup = E17D43B2208DE4A900840763;
			productRefGroup = E17D43BC208DE4A900840763 /* Products */;
			projectDirPath = "";
			projectRoot = "";
			targets = (
				E17D43BA208DE4A900840763 /* eduDemo */,
				E17D43CE208DE4AD00840763 /* eduDemoTests */,
			);
		};
/* End PBXProject section */

/* Begin PBXResourcesBuildPhase section */
		E17D43B9208DE4A900840763 /* Resources */ = {
			isa = PBXResourcesBuildPhase;
			buildActionMask = 2147483647;
			files = (
				E17D43C9208DE4AD00840763 /* LaunchScreen.storyboard in Resources */,
				E17D43C6208DE4AD00840763 /* Assets.xcassets in Resources */,
				E17D43C4208DE4A900840763 /* Main.storyboard in Resources */,
			);
			runOnlyForDeploymentPostprocessing = 0;
		};
		E17D43CD208DE4AD00840763 /* Resources */ = {
			isa = PBXResourcesBuildPhase;
			buildActionMask = 2147483647;
			files = (
			);
			runOnlyForDeploymentPostprocessing = 0;
		};
/* End PBXResourcesBuildPhase section */

/* Begin PBXSourcesBuildPhase section */
		E17D43B7208DE4A900840763 /* Sources */ = {
			isa = PBXSourcesBuildPhase;
			buildActionMask = 2147483647;
			files = (
				E182AC3E208F343700C8DC2F /* RegisterViewController.swift in Sources */,
				E17D43C1208DE4A900840763 /* ViewController.swift in Sources */,
				E17D43BF208DE4A900840763 /* AppDelegate.swift in Sources */,
				E1ACCE312097218C0021853E /* ForgetViewController.swift in Sources */,
			);
			runOnlyForDeploymentPostprocessing = 0;
		};
		E17D43CB208DE4AD00840763 /* Sources */ = {
			isa = PBXSourcesBuildPhase;
			buildActionMask = 2147483647;
			files = (
				E17D43D4208DE4AD00840763 /* eduDemoTests.swift in Sources */,
			);
			runOnlyForDeploymentPostprocessing = 0;
		};
/* End PBXSourcesBuildPhase section */

/* Begin PBXTargetDependency section */
		E17D43D1208DE4AD00840763 /* PBXTargetDependency */ = {
			isa = PBXTargetDependency;
			target = E17D43BA208DE4A900840763 /* eduDemo */;
			targetProxy = E17D43D0208DE4AD00840763 /* PBXContainerItemProxy */;
		};
/* End PBXTargetDependency section */

/* Begin PBXVariantGroup section */
		E17D43C2208DE4A900840763 /* Main.storyboard */ = {
			isa = PBXVariantGroup;
			children = (
				E17D43C3208DE4A900840763 /* Base */,
			);
			name = Main.storyboard;
			sourceTree = "<group>";
		};
		E17D43C7208DE4AD00840763 /* LaunchScreen.storyboard */ = {
			isa = PBXVariantGroup;
			children = (
				E17D43C8208DE4AD00840763 /* Base */,
			);
			name = LaunchScreen.storyboard;
			sourceTree = "<group>";
		};
/* End PBXVariantGroup section */

/* Begin XCBuildConfiguration section */
		E17D43D6208DE4AD00840763 /* Debug */ = {
			isa = XCBuildConfiguration;
			buildSettings = {
				ALWAYS_SEARCH_USER_PATHS = NO;
				CLANG_ANALYZER_NONNULL = YES;
				CLANG_ANALYZER_NUMBER_OBJECT_CONVERSION = YES_AGGRESSIVE;
				CLANG_CXX_LANGUAGE_STANDARD = "gnu++14";
				CLANG_CXX_LIBRARY = "libc++";
				CLANG_ENABLE_MODULES = YES;
				CLANG_ENABLE_OBJC_ARC = YES;
				CLANG_ENABLE_OBJC_WEAK = YES;
				CLANG_WARN_BLOCK_CAPTURE_AUTORELEASING = YES;
				CLANG_WARN_BOOL_CONVERSION = YES;
				CLANG_WARN_COMMA = YES;
				CLANG_WARN_CONSTANT_CONVERSION = YES;
				CLANG_WARN_DEPRECATED_OBJC_IMPLEMENTATIONS = YES;
				CLANG_WARN_DIRECT_OBJC_ISA_USAGE = YES_ERROR;
				CLANG_WARN_DOCUMENTATION_COMMENTS = YES;
				CLANG_WARN_EMPTY_BODY = YES;
				CLANG_WARN_ENUM_CONVERSION = YES;
				CLANG_WARN_INFINITE_RECURSION = YES;
				CLANG_WARN_INT_CONVERSION = YES;
				CLANG_WARN_NON_LITERAL_NULL_CONVERSION = YES;
				CLANG_WARN_OBJC_IMPLICIT_RETAIN_SELF = YES;
				CLANG_WARN_OBJC_LITERAL_CONVERSION = YES;
				CLANG_WARN_OBJC_ROOT_CLASS = YES_ERROR;
				CLANG_WARN_RANGE_LOOP_ANALYSIS = YES;
				CLANG_WARN_STRICT_PROTOTYPES = YES;
				CLANG_WARN_SUSPICIOUS_MOVE = YES;
				CLANG_WARN_UNGUARDED_AVAILABILITY = YES_AGGRESSIVE;
				CLANG_WARN_UNREACHABLE_CODE = YES;
				CLANG_WARN__DUPLICATE_METHOD_MATCH = YES;
				CODE_SIGN_IDENTITY = "iPhone Developer";
				COPY_PHASE_STRIP = NO;
				DEBUG_INFORMATION_FORMAT = dwarf;
				ENABLE_STRICT_OBJC_MSGSEND = YES;
				ENABLE_TESTABILITY = YES;
				GCC_C_LANGUAGE_STANDARD = gnu11;
				GCC_DYNAMIC_NO_PIC = NO;
				GCC_NO_COMMON_BLOCKS = YES;
				GCC_OPTIMIZATION_LEVEL = 0;
				GCC_PREPROCESSOR_DEFINITIONS = (
					"DEBUG=1",
					"$(inherited)",
				);
				GCC_WARN_64_TO_32_BIT_CONVERSION = YES;
				GCC_WARN_ABOUT_RETURN_TYPE = YES_ERROR;
				GCC_WARN_UNDECLARED_SELECTOR = YES;
				GCC_WARN_UNINITIALIZED_AUTOS = YES_AGGRESSIVE;
				GCC_WARN_UNUSED_FUNCTION = YES;
				GCC_WARN_UNUSED_VARIABLE = YES;
				IPHONEOS_DEPLOYMENT_TARGET = 11.3;
				MTL_ENABLE_DEBUG_INFO = YES;
				ONLY_ACTIVE_ARCH = YES;
				SDKROOT = iphoneos;
				SWIFT_ACTIVE_COMPILATION_CONDITIONS = DEBUG;
				SWIFT_OPTIMIZATION_LEVEL = "-Onone";
			};
			name = Debug;
		};
		E17D43D7208DE4AD00840763 /* Release */ = {
			isa = XCBuildConfiguration;
			buildSettings = {
				ALWAYS_SEARCH_USER_PATHS = NO;
				CLANG_ANALYZER_NONNULL = YES;
				CLANG_ANALYZER_NUMBER_OBJECT_CONVERSION = YES_AGGRESSIVE;
				CLANG_CXX_LANGUAGE_STANDARD = "gnu++14";
				CLANG_CXX_LIBRARY = "libc++";
				CLANG_ENABLE_MODULES = YES;
				CLANG_ENABLE_OBJC_ARC = YES;
				CLANG_ENABLE_OBJC_WEAK = YES;
				CLANG_WARN_BLOCK_CAPTURE_AUTORELEASING = YES;
				CLANG_WARN_BOOL_CONVERSION = YES;
				CLANG_WARN_COMMA = YES;
				CLANG_WARN_CONSTANT_CONVERSION = YES;
				CLANG_WARN_DEPRECATED_OBJC_IMPLEMENTATIONS = YES;
				CLANG_WARN_DIRECT_OBJC_ISA_USAGE = YES_ERROR;
				CLANG_WARN_DOCUMENTATION_COMMENTS = YES;
				CLANG_WARN_EMPTY_BODY = YES;
				CLANG_WARN_ENUM_CONVERSION = YES;
				CLANG_WARN_INFINITE_RECURSION = YES;
				CLANG_WARN_INT_CONVERSION = YES;
				CLANG_WARN_NON_LITERAL_NULL_CONVERSION = YES;
				CLANG_WARN_OBJC_IMPLICIT_RETAIN_SELF = YES;
				CLANG_WARN_OBJC_LITERAL_CONVERSION = YES;
				CLANG_WARN_OBJC_ROOT_CLASS = YES_ERROR;
				CLANG_WARN_RANGE_LOOP_ANALYSIS = YES;
				CLANG_WARN_STRICT_PROTOTYPES = YES;
				CLANG_WARN_SUSPICIOUS_MOVE = YES;
				CLANG_WARN_UNGUARDED_AVAILABILITY = YES_AGGRESSIVE;
				CLANG_WARN_UNREACHABLE_CODE = YES;
				CLANG_WARN__DUPLICATE_METHOD_MATCH = YES;
				CODE_SIGN_IDENTITY = "iPhone Developer";
				COPY_PHASE_STRIP = NO;
				DEBUG_INFORMATION_FORMAT = "dwarf-with-dsym";
				ENABLE_NS_ASSERTIONS = NO;
				ENABLE_STRICT_OBJC_MSGSEND = YES;
				GCC_C_LANGUAGE_STANDARD = gnu11;
				GCC_NO_COMMON_BLOCKS = YES;
				GCC_WARN_64_TO_32_BIT_CONVERSION = YES;
				GCC_WARN_ABOUT_RETURN_TYPE = YES_ERROR;
				GCC_WARN_UNDECLARED_SELECTOR = YES;
				GCC_WARN_UNINITIALIZED_AUTOS = YES_AGGRESSIVE;
				GCC_WARN_UNUSED_FUNCTION = YES;
				GCC_WARN_UNUSED_VARIABLE = YES;
				IPHONEOS_DEPLOYMENT_TARGET = 11.3;
				MTL_ENABLE_DEBUG_INFO = NO;
				SDKROOT = iphoneos;
				SWIFT_COMPILATION_MODE = wholemodule;
				SWIFT_OPTIMIZATION_LEVEL = "-O";
				VALIDATE_PRODUCT = YES;
			};
			name = Release;
		};
		E17D43D9208DE4AD00840763 /* Debug */ = {
			isa = XCBuildConfiguration;
			buildSettings = {
				ASSETCATALOG_COMPILER_APPICON_NAME = AppIcon;
				CODE_SIGN_STYLE = Automatic;
				INFOPLIST_FILE = eduDemo/Info.plist;
				LD_RUNPATH_SEARCH_PATHS = (
					"$(inherited)",
					"@executable_path/Frameworks",
				);
				PRODUCT_BUNDLE_IDENTIFIER = com.Dycode.eduDemo;
				PRODUCT_NAME = "$(TARGET_NAME)";
				SWIFT_VERSION = 4.0;
				TARGETED_DEVICE_FAMILY = "1,2";
			};
			name = Debug;
		};
		E17D43DA208DE4AD00840763 /* Release */ = {
			isa = XCBuildConfiguration;
			buildSettings = {
				ASSETCATALOG_COMPILER_APPICON_NAME = AppIcon;
				CODE_SIGN_STYLE = Automatic;
				INFOPLIST_FILE = eduDemo/Info.plist;
				LD_RUNPATH_SEARCH_PATHS = (
					"$(inherited)",
					"@executable_path/Frameworks",
				);
				PRODUCT_BUNDLE_IDENTIFIER = com.Dycode.eduDemo;
				PRODUCT_NAME = "$(TARGET_NAME)";
				SWIFT_VERSION = 4.0;
				TARGETED_DEVICE_FAMILY = "1,2";
			};
			name = Release;
		};
		E17D43DC208DE4AD00840763 /* Debug */ = {
			isa = XCBuildConfiguration;
			buildSettings = {
				ALWAYS_EMBED_SWIFT_STANDARD_LIBRARIES = YES;
				BUNDLE_LOADER = "$(TEST_HOST)";
				CODE_SIGN_STYLE = Automatic;
				INFOPLIST_FILE = eduDemoTests/Info.plist;
				LD_RUNPATH_SEARCH_PATHS = (
					"$(inherited)",
					"@executable_path/Frameworks",
					"@loader_path/Frameworks",
				);
				PRODUCT_BUNDLE_IDENTIFIER = com.Dycode.eduDemoTests;
				PRODUCT_NAME = "$(TARGET_NAME)";
				SWIFT_VERSION = 4.0;
				TARGETED_DEVICE_FAMILY = "1,2";
				TEST_HOST = "$(BUILT_PRODUCTS_DIR)/eduDemo.app/eduDemo";
			};
			name = Debug;
		};
		E17D43DD208DE4AD00840763 /* Release */ = {
			isa = XCBuildConfiguration;
			buildSettings = {
				ALWAYS_EMBED_SWIFT_STANDARD_LIBRARIES = YES;
				BUNDLE_LOADER = "$(TEST_HOST)";
				CODE_SIGN_STYLE = Automatic;
				INFOPLIST_FILE = eduDemoTests/Info.plist;
				LD_RUNPATH_SEARCH_PATHS = (
					"$(inherited)",
					"@executable_path/Frameworks",
					"@loader_path/Frameworks",
				);
				PRODUCT_BUNDLE_IDENTIFIER = com.Dycode.eduDemoTests;
				PRODUCT_NAME = "$(TARGET_NAME)";
				SWIFT_VERSION = 4.0;
				TARGETED_DEVICE_FAMILY = "1,2";
				TEST_HOST = "$(BUILT_PRODUCTS_DIR)/eduDemo.app/eduDemo";
			};
			name = Release;
		};
/* End XCBuildConfiguration section */

/* Begin XCConfigurationList section */
		E17D43B6208DE4A900840763 /* Build configuration list for PBXProject "eduDemo" */ = {
			isa = XCConfigurationList;
			buildConfigurations = (
				E17D43D6208DE4AD00840763 /* Debug */,
				E17D43D7208DE4AD00840763 /* Release */,
			);
			defaultConfigurationIsVisible = 0;
			defaultConfigurationName = Release;
		};
		E17D43D8208DE4AD00840763 /* Build configuration list for PBXNativeTarget "eduDemo" */ = {
			isa = XCConfigurationList;
			buildConfigurations = (
				E17D43D9208DE4AD00840763 /* Debug */,
				E17D43DA208DE4AD00840763 /* Release */,
			);
			defaultConfigurationIsVisible = 0;
			defaultConfigurationName = Release;
		};
		E17D43DB208DE4AD00840763 /* Build configuration list for PBXNativeTarget "eduDemoTests" */ = {
			isa = XCConfigurationList;
			buildConfigurations = (
				E17D43DC208DE4AD00840763 /* Debug */,
				E17D43DD208DE4AD00840763 /* Release */,
			);
			defaultConfigurationIsVisible = 0;
			defaultConfigurationName = Release;
		};
/* End XCConfigurationList section */
	};
	rootObject = E17D43B3208DE4A900840763 /* Project object */;
}
